
Microsoft Visual Studio Solution File, Format Version 12.00
# Visual Studio Version 17
VisualStudioVersion = 17.0.31903.59
MinimumVisualStudioVersion = 10.0.40219.1
Project("{FAE04EC0-301F-11D3-BF4B-00C04F79EFBC}") = "Generator", "Generator\Generator.csproj", "{8CFDBB3A-2EBB-4F2F-A971-113D29EC4867}"
EndProject
Project("{2150E333-8FDC-42A3-9474-1A3956D46DE8}") = "2023", "2023", "{9AB20E63-90F2-4EAE-B157-8E110941F6AC}"
EndProject
Project("{FAE04EC0-301F-11D3-BF4B-00C04F79EFBC}") = "App", "2023\App\App.csproj", "{B3CE976C-5B7D-49BF-B701-D0CD8160C5F6}"
EndProject
Project("{FAE04EC0-301F-11D3-BF4B-00C04F79EFBC}") = "Test", "2023\Test\Test.csproj", "{49670653-9CAF-41A4-BECB-A050222D2E49}"
EndProject
Global
	GlobalSection(SolutionConfigurationPlatforms) = preSolution
		Debug|Any CPU = Debug|Any CPU
		Release|Any CPU = Release|Any CPU
	EndGlobalSection
	GlobalSection(SolutionProperties) = preSolution
		HideSolutionNode = FALSE
	EndGlobalSection
	GlobalSection(ProjectConfigurationPlatforms) = postSolution
		{8CFDBB3A-2EBB-4F2F-A971-113D29EC4867}.Debug|Any CPU.ActiveCfg = Debug|Any CPU
		{8CFDBB3A-2EBB-4F2F-A971-113D29EC4867}.Debug|Any CPU.Build.0 = Debug|Any CPU
		{8CFDBB3A-2EBB-4F2F-A971-113D29EC4867}.Release|Any CPU.ActiveCfg = Release|Any CPU
		{8CFDBB3A-2EBB-4F2F-A971-113D29EC4867}.Release|Any CPU.Build.0 = Release|Any CPU
		{B3CE976C-5B7D-49BF-B701-D0CD8160C5F6}.Debug|Any CPU.ActiveCfg = Debug|Any CPU
		{B3CE976C-5B7D-49BF-B701-D0CD8160C5F6}.Debug|Any CPU.Build.0 = Debug|Any CPU
		{B3CE976C-5B7D-49BF-B701-D0CD8160C5F6}.Release|Any CPU.ActiveCfg = Release|Any CPU
		{B3CE976C-5B7D-49BF-B701-D0CD8160C5F6}.Release|Any CPU.Build.0 = Release|Any CPU
		{49670653-9CAF-41A4-BECB-A050222D2E49}.Debug|Any CPU.ActiveCfg = Debug|Any CPU
		{49670653-9CAF-41A4-BECB-A050222D2E49}.Debug|Any CPU.Build.0 = Debug|Any CPU
		{49670653-9CAF-41A4-BECB-A050222D2E49}.Release|Any CPU.ActiveCfg = Release|Any CPU
		{49670653-9CAF-41A4-BECB-A050222D2E49}.Release|Any CPU.Build.0 = Release|Any CPU
	EndGlobalSection
	GlobalSection(NestedProjects) = preSolution
		{B3CE976C-5B7D-49BF-B701-D0CD8160C5F6} = {9AB20E63-90F2-4EAE-B157-8E110941F6AC}
		{49670653-9CAF-41A4-BECB-A050222D2E49} = {9AB20E63-90F2-4EAE-B157-8E110941F6AC}
	EndGlobalSection
EndGlobal
